
Microsoft Visual Studio Solution File, Format Version 12.00
# Visual Studio 15
VisualStudioVersion = 15.0.28307.421
MinimumVisualStudioVersion = 10.0.40219.1
Project("{FAE04EC0-301F-11D3-BF4B-00C04F79EFBC}") = "AmsLight", "AmsLight\AmsLight.csproj", "{9A60D58E-E80C-4F46-810A-24533C59D4C8}"
EndProject
Global
	GlobalSection(SolutionConfigurationPlatforms) = preSolution
		Debug|Any CPU = Debug|Any CPU
		Release|Any CPU = Release|Any CPU
	EndGlobalSection
	GlobalSection(ProjectConfigurationPlatforms) = postSolution
		{9A60D58E-E80C-4F46-810A-24533C59D4C8}.Debug|Any CPU.ActiveCfg = Debug|Any CPU
		{9A60D58E-E80C-4F46-810A-24533C59D4C8}.Debug|Any CPU.Build.0 = Debug|Any CPU
		{9A60D58E-E80C-4F46-810A-24533C59D4C8}.Release|Any CPU.ActiveCfg = Release|Any CPU
		{9A60D58E-E80C-4F46-810A-24533C59D4C8}.Release|Any CPU.Build.0 = Release|Any CPU
	EndGlobalSection
	GlobalSection(SolutionProperties) = preSolution
		HideSolutionNode = FALSE
	EndGlobalSection
	GlobalSection(ExtensibilityGlobals) = postSolution
		SolutionGuid = {E5A74B4D-C8D4-4F4C-8EFC-05FD23CF913C}
	EndGlobalSection
EndGlobal
